
Microsoft Visual Studio Solution File, Format Version 12.00
# Visual Studio Version 17
VisualStudioVersion = 17.0.31903.59
MinimumVisualStudioVersion = 10.0.40219.1
Project("{FAE04EC0-301F-11D3-BF4B-00C04F79EFBC}") = "ConsoleApp1", "ConsoleApp1\ConsoleApp1.csproj", "{551FF5E8-5250-423F-8919-9CAE7DD531BE}"
EndProject
Project("{FAE04EC0-301F-11D3-BF4B-00C04F79EFBC}") = "ConsoleApp2", "ConsoleApp2\ConsoleApp2.csproj", "{CFBB2E60-D886-491D-A49A-288C8756EEF6}"
EndProject
Project("{FAE04EC0-301F-11D3-BF4B-00C04F79EFBC}") = "ConsoleApp3", "ConsoleApp3\ConsoleApp3.csproj", "{180B54AF-4EDD-41FE-A790-2E2D90ECF13B}"
EndProject
Project("{FAE04EC0-301F-11D3-BF4B-00C04F79EFBC}") = "ConsoleApp4", "ConsoleApp4\ConsoleApp4.csproj", "{596507CF-DDF1-4859-9CEE-AF6ADFAAF7F9}"
EndProject
Global
	GlobalSection(SolutionConfigurationPlatforms) = preSolution
		Debug|Any CPU = Debug|Any CPU
		Release|Any CPU = Release|Any CPU
	EndGlobalSection
	GlobalSection(SolutionProperties) = preSolution
		HideSolutionNode = FALSE
	EndGlobalSection
	GlobalSection(ProjectConfigurationPlatforms) = postSolution
		{551FF5E8-5250-423F-8919-9CAE7DD531BE}.Debug|Any CPU.ActiveCfg = Debug|Any CPU
		{551FF5E8-5250-423F-8919-9CAE7DD531BE}.Debug|Any CPU.Build.0 = Debug|Any CPU
		{551FF5E8-5250-423F-8919-9CAE7DD531BE}.Release|Any CPU.ActiveCfg = Release|Any CPU
		{551FF5E8-5250-423F-8919-9CAE7DD531BE}.Release|Any CPU.Build.0 = Release|Any CPU
		{CFBB2E60-D886-491D-A49A-288C8756EEF6}.Debug|Any CPU.ActiveCfg = Debug|Any CPU
		{CFBB2E60-D886-491D-A49A-288C8756EEF6}.Debug|Any CPU.Build.0 = Debug|Any CPU
		{CFBB2E60-D886-491D-A49A-288C8756EEF6}.Release|Any CPU.ActiveCfg = Release|Any CPU
		{CFBB2E60-D886-491D-A49A-288C8756EEF6}.Release|Any CPU.Build.0 = Release|Any CPU
		{180B54AF-4EDD-41FE-A790-2E2D90ECF13B}.Debug|Any CPU.ActiveCfg = Debug|Any CPU
		{180B54AF-4EDD-41FE-A790-2E2D90ECF13B}.Debug|Any CPU.Build.0 = Debug|Any CPU
		{180B54AF-4EDD-41FE-A790-2E2D90ECF13B}.Release|Any CPU.ActiveCfg = Release|Any CPU
		{180B54AF-4EDD-41FE-A790-2E2D90ECF13B}.Release|Any CPU.Build.0 = Release|Any CPU
		{596507CF-DDF1-4859-9CEE-AF6ADFAAF7F9}.Debug|Any CPU.ActiveCfg = Debug|Any CPU
		{596507CF-DDF1-4859-9CEE-AF6ADFAAF7F9}.Debug|Any CPU.Build.0 = Debug|Any CPU
		{596507CF-DDF1-4859-9CEE-AF6ADFAAF7F9}.Release|Any CPU.ActiveCfg = Release|Any CPU
		{596507CF-DDF1-4859-9CEE-AF6ADFAAF7F9}.Release|Any CPU.Build.0 = Release|Any CPU
	EndGlobalSection
EndGlobal
